
Microsoft Visual Studio Solution File, Format Version 12.00
# Visual Studio Version 16
VisualStudioVersion = 16.0.32802.440
MinimumVisualStudioVersion = 10.0.40219.1
Project("{FAE04EC0-301F-11D3-BF4B-00C04F79EFBC}") = "VariablesAndDataTypes", "VariablesAndDataTypes\VariablesAndDataTypes.csproj", "{288CA477-A6E9-4804-8659-FA085723074F}"
EndProject
Global
	GlobalSection(SolutionConfigurationPlatforms) = preSolution
		Debug|Any CPU = Debug|Any CPU
		Release|Any CPU = Release|Any CPU
	EndGlobalSection
	GlobalSection(ProjectConfigurationPlatforms) = postSolution
		{288CA477-A6E9-4804-8659-FA085723074F}.Debug|Any CPU.ActiveCfg = Debug|Any CPU
		{288CA477-A6E9-4804-8659-FA085723074F}.Debug|Any CPU.Build.0 = Debug|Any CPU
		{288CA477-A6E9-4804-8659-FA085723074F}.Release|Any CPU.ActiveCfg = Release|Any CPU
		{288CA477-A6E9-4804-8659-FA085723074F}.Release|Any CPU.Build.0 = Release|Any CPU
	EndGlobalSection
	GlobalSection(SolutionProperties) = preSolution
		HideSolutionNode = FALSE
	EndGlobalSection
	GlobalSection(ExtensibilityGlobals) = postSolution
		SolutionGuid = {2A035D5C-197E-414B-8C61-6472B6D83117}
	EndGlobalSection
EndGlobal
