
Microsoft Visual Studio Solution File, Format Version 12.00
# Visual Studio Version 16
VisualStudioVersion = 16.0.32929.386
MinimumVisualStudioVersion = 10.0.40219.1
Project("{FAE04EC0-301F-11D3-BF4B-00C04F79EFBC}") = "CodeFirstSubmissionAssignment", "CodeFirstSubmissionAssignment\CodeFirstSubmissionAssignment.csproj", "{BBF0CB20-3BFD-4CE5-A63F-7DED6507A343}"
EndProject
Global
	GlobalSection(SolutionConfigurationPlatforms) = preSolution
		Debug|Any CPU = Debug|Any CPU
		Release|Any CPU = Release|Any CPU
	EndGlobalSection
	GlobalSection(ProjectConfigurationPlatforms) = postSolution
		{BBF0CB20-3BFD-4CE5-A63F-7DED6507A343}.Debug|Any CPU.ActiveCfg = Debug|Any CPU
		{BBF0CB20-3BFD-4CE5-A63F-7DED6507A343}.Debug|Any CPU.Build.0 = Debug|Any CPU
		{BBF0CB20-3BFD-4CE5-A63F-7DED6507A343}.Release|Any CPU.ActiveCfg = Release|Any CPU
		{BBF0CB20-3BFD-4CE5-A63F-7DED6507A343}.Release|Any CPU.Build.0 = Release|Any CPU
	EndGlobalSection
	GlobalSection(SolutionProperties) = preSolution
		HideSolutionNode = FALSE
	EndGlobalSection
	GlobalSection(ExtensibilityGlobals) = postSolution
		SolutionGuid = {F56D6BE4-AE52-47E8-B2ED-AAE5B027FABE}
	EndGlobalSection
EndGlobal
