
Microsoft Visual Studio Solution File, Format Version 12.00
# Visual Studio Version 16
VisualStudioVersion = 16.0.32802.440
MinimumVisualStudioVersion = 10.0.40219.1
Project("{FAE04EC0-301F-11D3-BF4B-00C04F79EFBC}") = "AcmeAssignment", "AcmeAssignment\AcmeAssignment.csproj", "{4FF605B6-155D-46FF-BB2E-1C7B2029F005}"
EndProject
Global
	GlobalSection(SolutionConfigurationPlatforms) = preSolution
		Debug|Any CPU = Debug|Any CPU
		Release|Any CPU = Release|Any CPU
	EndGlobalSection
	GlobalSection(ProjectConfigurationPlatforms) = postSolution
		{4FF605B6-155D-46FF-BB2E-1C7B2029F005}.Debug|Any CPU.ActiveCfg = Debug|Any CPU
		{4FF605B6-155D-46FF-BB2E-1C7B2029F005}.Debug|Any CPU.Build.0 = Debug|Any CPU
		{4FF605B6-155D-46FF-BB2E-1C7B2029F005}.Release|Any CPU.ActiveCfg = Release|Any CPU
		{4FF605B6-155D-46FF-BB2E-1C7B2029F005}.Release|Any CPU.Build.0 = Release|Any CPU
	EndGlobalSection
	GlobalSection(SolutionProperties) = preSolution
		HideSolutionNode = FALSE
	EndGlobalSection
	GlobalSection(ExtensibilityGlobals) = postSolution
		SolutionGuid = {4CAEB231-7FA1-4935-9A8A-700FB867CEEF}
	EndGlobalSection
EndGlobal
