
Microsoft Visual Studio Solution File, Format Version 12.00
# Visual Studio Version 16
VisualStudioVersion = 16.0.32929.386
MinimumVisualStudioVersion = 10.0.40219.1
Project("{FAE04EC0-301F-11D3-BF4B-00C04F79EFBC}") = "TechAcadStudentsMVC", "TechAcadStudentsMVC\TechAcadStudentsMVC.csproj", "{412DE8F3-B799-4CAA-9A90-205C82514D97}"
EndProject
Global
	GlobalSection(SolutionConfigurationPlatforms) = preSolution
		Debug|Any CPU = Debug|Any CPU
		Release|Any CPU = Release|Any CPU
	EndGlobalSection
	GlobalSection(ProjectConfigurationPlatforms) = postSolution
		{412DE8F3-B799-4CAA-9A90-205C82514D97}.Debug|Any CPU.ActiveCfg = Debug|Any CPU
		{412DE8F3-B799-4CAA-9A90-205C82514D97}.Debug|Any CPU.Build.0 = Debug|Any CPU
		{412DE8F3-B799-4CAA-9A90-205C82514D97}.Release|Any CPU.ActiveCfg = Release|Any CPU
		{412DE8F3-B799-4CAA-9A90-205C82514D97}.Release|Any CPU.Build.0 = Release|Any CPU
	EndGlobalSection
	GlobalSection(SolutionProperties) = preSolution
		HideSolutionNode = FALSE
	EndGlobalSection
	GlobalSection(ExtensibilityGlobals) = postSolution
		SolutionGuid = {D1F764EA-DF64-438A-8579-B0915752295B}
	EndGlobalSection
EndGlobal
