
Microsoft Visual Studio Solution File, Format Version 12.00
# Visual Studio Version 16
VisualStudioVersion = 16.0.32802.440
MinimumVisualStudioVersion = 10.0.40219.1
Project("{FAE04EC0-301F-11D3-BF4B-00C04F79EFBC}") = "ExceptionHandling", "ExceptionHandling\ExceptionHandling.csproj", "{EA87098E-2FCC-4A23-97FD-7F86B506EDD2}"
EndProject
Global
	GlobalSection(SolutionConfigurationPlatforms) = preSolution
		Debug|Any CPU = Debug|Any CPU
		Release|Any CPU = Release|Any CPU
	EndGlobalSection
	GlobalSection(ProjectConfigurationPlatforms) = postSolution
		{EA87098E-2FCC-4A23-97FD-7F86B506EDD2}.Debug|Any CPU.ActiveCfg = Debug|Any CPU
		{EA87098E-2FCC-4A23-97FD-7F86B506EDD2}.Debug|Any CPU.Build.0 = Debug|Any CPU
		{EA87098E-2FCC-4A23-97FD-7F86B506EDD2}.Release|Any CPU.ActiveCfg = Release|Any CPU
		{EA87098E-2FCC-4A23-97FD-7F86B506EDD2}.Release|Any CPU.Build.0 = Release|Any CPU
	EndGlobalSection
	GlobalSection(SolutionProperties) = preSolution
		HideSolutionNode = FALSE
	EndGlobalSection
	GlobalSection(ExtensibilityGlobals) = postSolution
		SolutionGuid = {A7BE4930-6B60-4DAE-ACAE-CE7D48DC6A85}
	EndGlobalSection
EndGlobal
