
Microsoft Visual Studio Solution File, Format Version 12.00
# Visual Studio Version 16
VisualStudioVersion = 16.0.32929.386
MinimumVisualStudioVersion = 10.0.40219.1
Project("{FAE04EC0-301F-11D3-BF4B-00C04F79EFBC}") = "ConstructorSubmissionAssignment", "ConstructorSubmissionAssignment\ConstructorSubmissionAssignment.csproj", "{9EDB0AD0-AB93-4F95-BFA0-9884E72BFC77}"
EndProject
Global
	GlobalSection(SolutionConfigurationPlatforms) = preSolution
		Debug|Any CPU = Debug|Any CPU
		Release|Any CPU = Release|Any CPU
	EndGlobalSection
	GlobalSection(ProjectConfigurationPlatforms) = postSolution
		{9EDB0AD0-AB93-4F95-BFA0-9884E72BFC77}.Debug|Any CPU.ActiveCfg = Debug|Any CPU
		{9EDB0AD0-AB93-4F95-BFA0-9884E72BFC77}.Debug|Any CPU.Build.0 = Debug|Any CPU
		{9EDB0AD0-AB93-4F95-BFA0-9884E72BFC77}.Release|Any CPU.ActiveCfg = Release|Any CPU
		{9EDB0AD0-AB93-4F95-BFA0-9884E72BFC77}.Release|Any CPU.Build.0 = Release|Any CPU
	EndGlobalSection
	GlobalSection(SolutionProperties) = preSolution
		HideSolutionNode = FALSE
	EndGlobalSection
	GlobalSection(ExtensibilityGlobals) = postSolution
		SolutionGuid = {158527D3-D5DF-485F-9A08-7CB2A931E890}
	EndGlobalSection
EndGlobal
